// !$*UTF8*$!
{
	archiveVersion = 1;
	classes = {
	};
	objectVersion = 48;
	objects = {

/* Begin PBXBuildFile section */
		99302EE71F9EC6890059E31A /* PlaySoundsViewController.swift in Sources */ = {isa = PBXBuildFile; fileRef = 99302EE61F9EC6890059E31A /* PlaySoundsViewController.swift */; };
		99302EE91F9EDA380059E31A /* PlaySoundsViewController+Audio.swift in Sources */ = {isa = PBXBuildFile; fileRef = 99302EE81F9EDA380059E31A /* PlaySoundsViewController+Audio.swift */; };
		996131821F99AA8F008B1742 /* AppDelegate.swift in Sources */ = {isa = PBXBuildFile; fileRef = 996131811F99AA8F008B1742 /* AppDelegate.swift */; };
		996131841F99AA8F008B1742 /* RecordSoundsViewController.swift in Sources */ = {isa = PBXBuildFile; fileRef = 996131831F99AA8F008B1742 /* RecordSoundsViewController.swift */; };
		996131871F99AA8F008B1742 /* Main.storyboard in Resources */ = {isa = PBXBuildFile; fileRef = 996131851F99AA8F008B1742 /* Main.storyboard */; };
		996131891F99AA8F008B1742 /* Assets.xcassets in Resources */ = {isa = PBXBuildFile; fileRef = 996131881F99AA8F008B1742 /* Assets.xcassets */; };
		9961318C1F99AA8F008B1742 /* LaunchScreen.storyboard in Resources */ = {isa = PBXBuildFile; fileRef = 9961318A1F99AA8F008B1742 /* LaunchScreen.storyboard */; };
/* End PBXBuildFile section */

/* Begin PBXFileReference section */
		99302EE61F9EC6890059E31A /* PlaySoundsViewController.swift */ = {isa = PBXFileReference; lastKnownFileType = sourcecode.swift; path = PlaySoundsViewController.swift; sourceTree = "<group>"; };
		99302EE81F9EDA380059E31A /* PlaySoundsViewController+Audio.swift */ = {isa = PBXFileReference; lastKnownFileType = sourcecode.swift; path = "PlaySoundsViewController+Audio.swift"; sourceTree = "<group>"; };
		9961317E1F99AA8F008B1742 /* pperfect.app */ = {isa = PBXFileReference; explicitFileType = wrapper.application; includeInIndex = 0; path = pperfect.app; sourceTree = BUILT_PRODUCTS_DIR; };
		996131811F99AA8F008B1742 /* AppDelegate.swift */ = {isa = PBXFileReference; lastKnownFileType = sourcecode.swift; path = AppDelegate.swift; sourceTree = "<group>"; };
		996131831F99AA8F008B1742 /* RecordSoundsViewController.swift */ = {isa = PBXFileReference; lastKnownFileType = sourcecode.swift; path = RecordSoundsViewController.swift; sourceTree = "<group>"; };
		996131861F99AA8F008B1742 /* Base */ = {isa = PBXFileReference; lastKnownFileType = file.storyboard; name = Base; path = Base.lproj/Main.storyboard; sourceTree = "<group>"; };
		996131881F99AA8F008B1742 /* Assets.xcassets */ = {isa = PBXFileReference; lastKnownFileType = folder.assetcatalog; path = Assets.xcassets; sourceTree = "<group>"; };
		9961318B1F99AA8F008B1742 /* Base */ = {isa = PBXFileReference; lastKnownFileType = file.storyboard; name = Base; path = Base.lproj/LaunchScreen.storyboard; sourceTree = "<group>"; };
		9961318D1F99AA8F008B1742 /* Info.plist */ = {isa = PBXFileReference; lastKnownFileType = text.plist.xml; path = Info.plist; sourceTree = "<group>"; };
/* End PBXFileReference section */

/* Begin PBXFrameworksBuildPhase section */
		9961317B1F99AA8F008B1742 /* Frameworks */ = {
			isa = PBXFrameworksBuildPhase;
			buildActionMask = 2147483647;
			files = (
			);
			runOnlyForDeploymentPostprocessing = 0;
		};
/* End PBXFrameworksBuildPhase section */

/* Begin PBXGroup section */
		996131751F99AA8F008B1742 = {
			isa = PBXGroup;
			children = (
				996131801F99AA8F008B1742 /* pperfect */,
				9961317F1F99AA8F008B1742 /* Products */,
			);
			sourceTree = "<group>";
		};
		9961317F1F99AA8F008B1742 /* Products */ = {
			isa = PBXGroup;
			children = (
				9961317E1F99AA8F008B1742 /* pperfect.app */,
			);
			name = Products;
			sourceTree = "<group>";
		};
		996131801F99AA8F008B1742 /* pperfect */ = {
			isa = PBXGroup;
			children = (
				9961318D1F99AA8F008B1742 /* Info.plist */,
				996131811F99AA8F008B1742 /* AppDelegate.swift */,
				99302EE61F9EC6890059E31A /* PlaySoundsViewController.swift */,
				99302EE81F9EDA380059E31A /* PlaySoundsViewController+Audio.swift */,
				996131831F99AA8F008B1742 /* RecordSoundsViewController.swift */,
				996131881F99AA8F008B1742 /* Assets.xcassets */,
				9961318A1F99AA8F008B1742 /* LaunchScreen.storyboard */,
				996131851F99AA8F008B1742 /* Main.storyboard */,
			);
			path = pperfect;
			sourceTree = "<group>";
		};
/* End PBXGroup section */

/* Begin PBXNativeTarget section */
		9961317D1F99AA8F008B1742 /* pperfect */ = {
			isa = PBXNativeTarget;
			buildConfigurationList = 996131901F99AA8F008B1742 /* Build configuration list for PBXNativeTarget "pperfect" */;
			buildPhases = (
				9961317A1F99AA8F008B1742 /* Sources */,
				9961317B1F99AA8F008B1742 /* Frameworks */,
				9961317C1F99AA8F008B1742 /* Resources */,
			);
			buildRules = (
			);
			dependencies = (
			);
			name = pperfect;
			productName = pperfect;
			productReference = 9961317E1F99AA8F008B1742 /* pperfect.app */;
			productType = "com.apple.product-type.application";
		};
/* End PBXNativeTarget section */

/* Begin PBXProject section */
		996131761F99AA8F008B1742 /* Project object */ = {
			isa = PBXProject;
			attributes = {
				LastSwiftUpdateCheck = 0900;
				LastUpgradeCheck = 0900;
				ORGANIZATIONNAME = Progeekt;
				TargetAttributes = {
					9961317D1F99AA8F008B1742 = {
						CreatedOnToolsVersion = 9.0;
						ProvisioningStyle = Automatic;
					};
				};
			};
			buildConfigurationList = 996131791F99AA8F008B1742 /* Build configuration list for PBXProject "pperfect" */;
			compatibilityVersion = "Xcode 8.0";
			developmentRegion = en;
			hasScannedForEncodings = 0;
			knownRegions = (
				en,
				Base,
			);
			mainGroup = 996131751F99AA8F008B1742;
			productRefGroup = 9961317F1F99AA8F008B1742 /* Products */;
			projectDirPath = "";
			projectRoot = "";
			targets = (
				9961317D1F99AA8F008B1742 /* pperfect */,
			);
		};
/* End PBXProject section */

/* Begin PBXResourcesBuildPhase section */
		9961317C1F99AA8F008B1742 /* Resources */ = {
			isa = PBXResourcesBuildPhase;
			buildActionMask = 2147483647;
			files = (
				9961318C1F99AA8F008B1742 /* LaunchScreen.storyboard in Resources */,
				996131891F99AA8F008B1742 /* Assets.xcassets in Resources */,
				996131871F99AA8F008B1742 /* Main.storyboard in Resources */,
			);
			runOnlyForDeploymentPostprocessing = 0;
		};
/* End PBXResourcesBuildPhase section */

/* Begin PBXSourcesBuildPhase section */
		9961317A1F99AA8F008B1742 /* Sources */ = {
			isa = PBXSourcesBuildPhase;
			buildActionMask = 2147483647;
			files = (
				996131841F99AA8F008B1742 /* RecordSoundsViewController.swift in Sources */,
				99302EE91F9EDA380059E31A /* PlaySoundsViewController+Audio.swift in Sources */,
				99302EE71F9EC6890059E31A /* PlaySoundsViewController.swift in Sources */,
				996131821F99AA8F008B1742 /* AppDelegate.swift in Sources */,
			);
			runOnlyForDeploymentPostprocessing = 0;
		};
/* End PBXSourcesBuildPhase section */

/* Begin PBXVariantGroup section */
		996131851F99AA8F008B1742 /* Main.storyboard */ = {
			isa = PBXVariantGroup;
			children = (
				996131861F99AA8F008B1742 /* Base */,
			);
			name = Main.storyboard;
			sourceTree = "<group>";
		};
		9961318A1F99AA8F008B1742 /* LaunchScreen.storyboard */ = {
			isa = PBXVariantGroup;
			children = (
				9961318B1F99AA8F008B1742 /* Base */,
			);
			name = LaunchScreen.storyboard;
			sourceTree = "<group>";
		};
/* End PBXVariantGroup section */

/* Begin XCBuildConfiguration section */
		9961318E1F99AA8F008B1742 /* Debug */ = {
			isa = XCBuildConfiguration;
			buildSettings = {
				ALWAYS_SEARCH_USER_PATHS = NO;
				CLANG_ANALYZER_NONNULL = YES;
				CLANG_ANALYZER_NUMBER_OBJECT_CONVERSION = YES_AGGRESSIVE;
				CLANG_CXX_LANGUAGE_STANDARD = "gnu++14";
				CLANG_CXX_LIBRARY = "libc++";
				CLANG_ENABLE_MODULES = YES;
				CLANG_ENABLE_OBJC_ARC = YES;
				CLANG_WARN_BLOCK_CAPTURE_AUTORELEASING = YES;
				CLANG_WARN_BOOL_CONVERSION = YES;
				CLANG_WARN_COMMA = YES;
				CLANG_WARN_CONSTANT_CONVERSION = YES;
				CLANG_WARN_DIRECT_OBJC_ISA_USAGE = YES_ERROR;
				CLANG_WARN_DOCUMENTATION_COMMENTS = YES;
				CLANG_WARN_EMPTY_BODY = YES;
				CLANG_WARN_ENUM_CONVERSION = YES;
				CLANG_WARN_INFINITE_RECURSION = YES;
				CLANG_WARN_INT_CONVERSION = YES;
				CLANG_WARN_NON_LITERAL_NULL_CONVERSION = YES;
				CLANG_WARN_OBJC_LITERAL_CONVERSION = YES;
				CLANG_WARN_OBJC_ROOT_CLASS = YES_ERROR;
				CLANG_WARN_RANGE_LOOP_ANALYSIS = YES;
				CLANG_WARN_STRICT_PROTOTYPES = YES;
				CLANG_WARN_SUSPICIOUS_MOVE = YES;
				CLANG_WARN_UNGUARDED_AVAILABILITY = YES_AGGRESSIVE;
				CLANG_WARN_UNREACHABLE_CODE = YES;
				CLANG_WARN__DUPLICATE_METHOD_MATCH = YES;
				CODE_SIGN_IDENTITY = "iPhone Developer";
				COPY_PHASE_STRIP = NO;
				DEBUG_INFORMATION_FORMAT = dwarf;
				ENABLE_STRICT_OBJC_MSGSEND = YES;
				ENABLE_TESTABILITY = YES;
				GCC_C_LANGUAGE_STANDARD = gnu11;
				GCC_DYNAMIC_NO_PIC = NO;
				GCC_NO_COMMON_BLOCKS = YES;
				GCC_OPTIMIZATION_LEVEL = 0;
				GCC_PREPROCESSOR_DEFINITIONS = (
					"DEBUG=1",
					"$(inherited)",
				);
				GCC_WARN_64_TO_32_BIT_CONVERSION = YES;
				GCC_WARN_ABOUT_RETURN_TYPE = YES_ERROR;
				GCC_WARN_UNDECLARED_SELECTOR = YES;
				GCC_WARN_UNINITIALIZED_AUTOS = YES_AGGRESSIVE;
				GCC_WARN_UNUSED_FUNCTION = YES;
				GCC_WARN_UNUSED_VARIABLE = YES;
				IPHONEOS_DEPLOYMENT_TARGET = 11.0;
				MTL_ENABLE_DEBUG_INFO = YES;
				ONLY_ACTIVE_ARCH = YES;
				SDKROOT = iphoneos;
				SWIFT_ACTIVE_COMPILATION_CONDITIONS = DEBUG;
				SWIFT_OPTIMIZATION_LEVEL = "-Onone";
			};
			name = Debug;
		};
		9961318F1F99AA8F008B1742 /* Release */ = {
			isa = XCBuildConfiguration;
			buildSettings = {
				ALWAYS_SEARCH_USER_PATHS = NO;
				CLANG_ANALYZER_NONNULL = YES;
				CLANG_ANALYZER_NUMBER_OBJECT_CONVERSION = YES_AGGRESSIVE;
				CLANG_CXX_LANGUAGE_STANDARD = "gnu++14";
				CLANG_CXX_LIBRARY = "libc++";
				CLANG_ENABLE_MODULES = YES;
				CLANG_ENABLE_OBJC_ARC = YES;
				CLANG_WARN_BLOCK_CAPTURE_AUTORELEASING = YES;
				CLANG_WARN_BOOL_CONVERSION = YES;
				CLANG_WARN_COMMA = YES;
				CLANG_WARN_CONSTANT_CONVERSION = YES;
				CLANG_WARN_DIRECT_OBJC_ISA_USAGE = YES_ERROR;
				CLANG_WARN_DOCUMENTATION_COMMENTS = YES;
				CLANG_WARN_EMPTY_BODY = YES;
				CLANG_WARN_ENUM_CONVERSION = YES;
				CLANG_WARN_INFINITE_RECURSION = YES;
				CLANG_WARN_INT_CONVERSION = YES;
				CLANG_WARN_NON_LITERAL_NULL_CONVERSION = YES;
				CLANG_WARN_OBJC_LITERAL_CONVERSION = YES;
				CLANG_WARN_OBJC_ROOT_CLASS = YES_ERROR;
				CLANG_WARN_RANGE_LOOP_ANALYSIS = YES;
				CLANG_WARN_STRICT_PROTOTYPES = YES;
				CLANG_WARN_SUSPICIOUS_MOVE = YES;
				CLANG_WARN_UNGUARDED_AVAILABILITY = YES_AGGRESSIVE;
				CLANG_WARN_UNREACHABLE_CODE = YES;
				CLANG_WARN__DUPLICATE_METHOD_MATCH = YES;
				CODE_SIGN_IDENTITY = "iPhone Developer";
				COPY_PHASE_STRIP = NO;
				DEBUG_INFORMATION_FORMAT = "dwarf-with-dsym";
				ENABLE_NS_ASSERTIONS = NO;
				ENABLE_STRICT_OBJC_MSGSEND = YES;
				GCC_C_LANGUAGE_STANDARD = gnu11;
				GCC_NO_COMMON_BLOCKS = YES;
				GCC_WARN_64_TO_32_BIT_CONVERSION = YES;
				GCC_WARN_ABOUT_RETURN_TYPE = YES_ERROR;
				GCC_WARN_UNDECLARED_SELECTOR = YES;
				GCC_WARN_UNINITIALIZED_AUTOS = YES_AGGRESSIVE;
				GCC_WARN_UNUSED_FUNCTION = YES;
				GCC_WARN_UNUSED_VARIABLE = YES;
				IPHONEOS_DEPLOYMENT_TARGET = 11.0;
				MTL_ENABLE_DEBUG_INFO = NO;
				SDKROOT = iphoneos;
				SWIFT_OPTIMIZATION_LEVEL = "-Owholemodule";
				VALIDATE_PRODUCT = YES;
			};
			name = Release;
		};
		996131911F99AA8F008B1742 /* Debug */ = {
			isa = XCBuildConfiguration;
			buildSettings = {
				ASSETCATALOG_COMPILER_APPICON_NAME = AppIcon;
				CODE_SIGN_STYLE = Automatic;
				DEVELOPMENT_TEAM = S5EZY468C5;
				INFOPLIST_FILE = pperfect/Info.plist;
				LD_RUNPATH_SEARCH_PATHS = "$(inherited) @executable_path/Frameworks";
				PRODUCT_BUNDLE_IDENTIFIER = br.com.progeekt.pperfect;
				PRODUCT_NAME = "$(TARGET_NAME)";
				SWIFT_VERSION = 4.0;
				TARGETED_DEVICE_FAMILY = "1,2";
			};
			name = Debug;
		};
		996131921F99AA8F008B1742 /* Release */ = {
			isa = XCBuildConfiguration;
			buildSettings = {
				ASSETCATALOG_COMPILER_APPICON_NAME = AppIcon;
				CODE_SIGN_STYLE = Automatic;
				DEVELOPMENT_TEAM = S5EZY468C5;
				INFOPLIST_FILE = pperfect/Info.plist;
				LD_RUNPATH_SEARCH_PATHS = "$(inherited) @executable_path/Frameworks";
				PRODUCT_BUNDLE_IDENTIFIER = br.com.progeekt.pperfect;
				PRODUCT_NAME = "$(TARGET_NAME)";
				SWIFT_VERSION = 4.0;
				TARGETED_DEVICE_FAMILY = "1,2";
			};
			name = Release;
		};
/* End XCBuildConfiguration section */

/* Begin XCConfigurationList section */
		996131791F99AA8F008B1742 /* Build configuration list for PBXProject "pperfect" */ = {
			isa = XCConfigurationList;
			buildConfigurations = (
				9961318E1F99AA8F008B1742 /* Debug */,
				9961318F1F99AA8F008B1742 /* Release */,
			);
			defaultConfigurationIsVisible = 0;
			defaultConfigurationName = Release;
		};
		996131901F99AA8F008B1742 /* Build configuration list for PBXNativeTarget "pperfect" */ = {
			isa = XCConfigurationList;
			buildConfigurations = (
				996131911F99AA8F008B1742 /* Debug */,
				996131921F99AA8F008B1742 /* Release */,
			);
			defaultConfigurationIsVisible = 0;
			defaultConfigurationName = Release;
		};
/* End XCConfigurationList section */
	};
	rootObject = 996131761F99AA8F008B1742 /* Project object */;
}
